
Microsoft Visual Studio Solution File, Format Version 12.00
# Visual Studio Version 17
VisualStudioVersion = 17.3.32929.385
MinimumVisualStudioVersion = 10.0.40219.1
Project("{FAE04EC0-301F-11D3-BF4B-00C04F79EFBC}") = "DigiBank", "DigiBank\DigiBank.csproj", "{4C2F9EB1-961E-461F-BA92-931AA67C7E2A}"
EndProject
Global
	GlobalSection(SolutionConfigurationPlatforms) = preSolution
		Debug|Any CPU = Debug|Any CPU
		Release|Any CPU = Release|Any CPU
	EndGlobalSection
	GlobalSection(ProjectConfigurationPlatforms) = postSolution
		{4C2F9EB1-961E-461F-BA92-931AA67C7E2A}.Debug|Any CPU.ActiveCfg = Debug|Any CPU
		{4C2F9EB1-961E-461F-BA92-931AA67C7E2A}.Debug|Any CPU.Build.0 = Debug|Any CPU
		{4C2F9EB1-961E-461F-BA92-931AA67C7E2A}.Release|Any CPU.ActiveCfg = Release|Any CPU
		{4C2F9EB1-961E-461F-BA92-931AA67C7E2A}.Release|Any CPU.Build.0 = Release|Any CPU
	EndGlobalSection
	GlobalSection(SolutionProperties) = preSolution
		HideSolutionNode = FALSE
	EndGlobalSection
	GlobalSection(ExtensibilityGlobals) = postSolution
		SolutionGuid = {B3E4E31B-039B-40FD-9BC0-1D57927B537B}
	EndGlobalSection
EndGlobal
